
Microsoft Visual Studio Solution File, Format Version 12.00
# Visual Studio Version 16
VisualStudioVersion = 16.0.31727.386
MinimumVisualStudioVersion = 10.0.40219.1
Project("{FAE04EC0-301F-11D3-BF4B-00C04F79EFBC}") = "EngineValveUI", "EngineValve\EngineValveUI.csproj", "{6F6F07E6-88F5-4E66-9723-9454902BBC6C}"
EndProject
Project("{FAE04EC0-301F-11D3-BF4B-00C04F79EFBC}") = "EngineValveParameter", "EngineValveParameters\EngineValveParameter.csproj", "{BBF38542-4D91-41BA-AE12-C57465EBECC4}"
EndProject
Project("{FAE04EC0-301F-11D3-BF4B-00C04F79EFBC}") = "EngineValveBuild", "EngineValveBuild\EngineValveBuild.csproj", "{8BD9F189-6A9F-432C-904A-CB8F6FAFB60A}"
EndProject
Project("{FAE04EC0-301F-11D3-BF4B-00C04F79EFBC}") = "EngineValve.Tests", "EngineValve.Tests\EngineValve.Tests.csproj", "{D43C505B-450A-402D-A6CC-5142BC7A276C}"
EndProject
Global
	GlobalSection(SolutionConfigurationPlatforms) = preSolution
		Debug|Any CPU = Debug|Any CPU
		Release|Any CPU = Release|Any CPU
	EndGlobalSection
	GlobalSection(ProjectConfigurationPlatforms) = postSolution
		{6F6F07E6-88F5-4E66-9723-9454902BBC6C}.Debug|Any CPU.ActiveCfg = Debug|Any CPU
		{6F6F07E6-88F5-4E66-9723-9454902BBC6C}.Debug|Any CPU.Build.0 = Debug|Any CPU
		{6F6F07E6-88F5-4E66-9723-9454902BBC6C}.Release|Any CPU.ActiveCfg = Release|Any CPU
		{6F6F07E6-88F5-4E66-9723-9454902BBC6C}.Release|Any CPU.Build.0 = Release|Any CPU
		{BBF38542-4D91-41BA-AE12-C57465EBECC4}.Debug|Any CPU.ActiveCfg = Debug|Any CPU
		{BBF38542-4D91-41BA-AE12-C57465EBECC4}.Debug|Any CPU.Build.0 = Debug|Any CPU
		{BBF38542-4D91-41BA-AE12-C57465EBECC4}.Release|Any CPU.ActiveCfg = Release|Any CPU
		{BBF38542-4D91-41BA-AE12-C57465EBECC4}.Release|Any CPU.Build.0 = Release|Any CPU
		{8BD9F189-6A9F-432C-904A-CB8F6FAFB60A}.Debug|Any CPU.ActiveCfg = Debug|Any CPU
		{8BD9F189-6A9F-432C-904A-CB8F6FAFB60A}.Debug|Any CPU.Build.0 = Debug|Any CPU
		{8BD9F189-6A9F-432C-904A-CB8F6FAFB60A}.Release|Any CPU.ActiveCfg = Release|Any CPU
		{8BD9F189-6A9F-432C-904A-CB8F6FAFB60A}.Release|Any CPU.Build.0 = Release|Any CPU
		{D43C505B-450A-402D-A6CC-5142BC7A276C}.Debug|Any CPU.ActiveCfg = Debug|Any CPU
		{D43C505B-450A-402D-A6CC-5142BC7A276C}.Debug|Any CPU.Build.0 = Debug|Any CPU
		{D43C505B-450A-402D-A6CC-5142BC7A276C}.Release|Any CPU.ActiveCfg = Release|Any CPU
		{D43C505B-450A-402D-A6CC-5142BC7A276C}.Release|Any CPU.Build.0 = Release|Any CPU
	EndGlobalSection
	GlobalSection(SolutionProperties) = preSolution
		HideSolutionNode = FALSE
	EndGlobalSection
	GlobalSection(ExtensibilityGlobals) = postSolution
		SolutionGuid = {63A518C8-AD85-4E06-90D2-DF9F71D6E4A6}
	EndGlobalSection
EndGlobal
